// !$*UTF8*$!
{
	archiveVersion = 1;
	classes = {
	};
	objectVersion = 46;
	objects = {

/* Begin PBXBuildFile section */
		448F87391F633AEE00883744 /* AppDelegate.swift in Sources */ = {isa = PBXBuildFile; fileRef = 448F87381F633AEE00883744 /* AppDelegate.swift */; };
		448F873B1F633AEE00883744 /* ViewController.swift in Sources */ = {isa = PBXBuildFile; fileRef = 448F873A1F633AEE00883744 /* ViewController.swift */; };
		448F873E1F633AEE00883744 /* Main.storyboard in Resources */ = {isa = PBXBuildFile; fileRef = 448F873C1F633AEE00883744 /* Main.storyboard */; };
		448F87401F633AEE00883744 /* Assets.xcassets in Resources */ = {isa = PBXBuildFile; fileRef = 448F873F1F633AEE00883744 /* Assets.xcassets */; };
		448F87431F633AEE00883744 /* LaunchScreen.storyboard in Resources */ = {isa = PBXBuildFile; fileRef = 448F87411F633AEE00883744 /* LaunchScreen.storyboard */; };
/* End PBXBuildFile section */

/* Begin PBXFileReference section */
		448F87351F633AEE00883744 /* GymMate.app */ = {isa = PBXFileReference; explicitFileType = wrapper.application; includeInIndex = 0; path = GymMate.app; sourceTree = BUILT_PRODUCTS_DIR; };
		448F87381F633AEE00883744 /* AppDelegate.swift */ = {isa = PBXFileReference; lastKnownFileType = sourcecode.swift; path = AppDelegate.swift; sourceTree = "<group>"; };
		448F873A1F633AEE00883744 /* ViewController.swift */ = {isa = PBXFileReference; lastKnownFileType = sourcecode.swift; path = ViewController.swift; sourceTree = "<group>"; };
		448F873D1F633AEE00883744 /* Base */ = {isa = PBXFileReference; lastKnownFileType = file.storyboard; name = Base; path = Base.lproj/Main.storyboard; sourceTree = "<group>"; };
		448F873F1F633AEE00883744 /* Assets.xcassets */ = {isa = PBXFileReference; lastKnownFileType = folder.assetcatalog; path = Assets.xcassets; sourceTree = "<group>"; };
		448F87421F633AEE00883744 /* Base */ = {isa = PBXFileReference; lastKnownFileType = file.storyboard; name = Base; path = Base.lproj/LaunchScreen.storyboard; sourceTree = "<group>"; };
		448F87441F633AEE00883744 /* Info.plist */ = {isa = PBXFileReference; lastKnownFileType = text.plist.xml; path = Info.plist; sourceTree = "<group>"; };
/* End PBXFileReference section */

/* Begin PBXFrameworksBuildPhase section */
		448F87321F633AEE00883744 /* Frameworks */ = {
			isa = PBXFrameworksBuildPhase;
			buildActionMask = 2147483647;
			files = (
			);
			runOnlyForDeploymentPostprocessing = 0;
		};
/* End PBXFrameworksBuildPhase section */

/* Begin PBXGroup section */
		448F872C1F633AEE00883744 = {
			isa = PBXGroup;
			children = (
				448F87371F633AEE00883744 /* GymMate */,
				448F87361F633AEE00883744 /* Products */,
			);
			sourceTree = "<group>";
		};
		448F87361F633AEE00883744 /* Products */ = {
			isa = PBXGroup;
			children = (
				448F87351F633AEE00883744 /* GymMate.app */,
			);
			name = Products;
			sourceTree = "<group>";
		};
		448F87371F633AEE00883744 /* GymMate */ = {
			isa = PBXGroup;
			children = (
				448F87381F633AEE00883744 /* AppDelegate.swift */,
				448F873A1F633AEE00883744 /* ViewController.swift */,
				448F873C1F633AEE00883744 /* Main.storyboard */,
				448F873F1F633AEE00883744 /* Assets.xcassets */,
				448F87411F633AEE00883744 /* LaunchScreen.storyboard */,
				448F87441F633AEE00883744 /* Info.plist */,
			);
			path = GymMate;
			sourceTree = "<group>";
		};
/* End PBXGroup section */

/* Begin PBXNativeTarget section */
		448F87341F633AEE00883744 /* GymMate */ = {
			isa = PBXNativeTarget;
			buildConfigurationList = 448F87471F633AEE00883744 /* Build configuration list for PBXNativeTarget "GymMate" */;
			buildPhases = (
				448F87311F633AEE00883744 /* Sources */,
				448F87321F633AEE00883744 /* Frameworks */,
				448F87331F633AEE00883744 /* Resources */,
			);
			buildRules = (
			);
			dependencies = (
			);
			name = GymMate;
			productName = GymMate;
			productReference = 448F87351F633AEE00883744 /* GymMate.app */;
			productType = "com.apple.product-type.application";
		};
/* End PBXNativeTarget section */

/* Begin PBXProject section */
		448F872D1F633AEE00883744 /* Project object */ = {
			isa = PBXProject;
			attributes = {
				LastSwiftUpdateCheck = 0830;
				LastUpgradeCheck = 0830;
				ORGANIZATIONNAME = RS;
				TargetAttributes = {
					448F87341F633AEE00883744 = {
						CreatedOnToolsVersion = 8.3.3;
						DevelopmentTeam = 4S58772B2E;
						ProvisioningStyle = Automatic;
					};
				};
			};
			buildConfigurationList = 448F87301F633AEE00883744 /* Build configuration list for PBXProject "GymMate" */;
			compatibilityVersion = "Xcode 3.2";
			developmentRegion = English;
			hasScannedForEncodings = 0;
			knownRegions = (
				en,
				Base,
			);
			mainGroup = 448F872C1F633AEE00883744;
			productRefGroup = 448F87361F633AEE00883744 /* Products */;
			projectDirPath = "";
			projectRoot = "";
			targets = (
				448F87341F633AEE00883744 /* GymMate */,
			);
		};
/* End PBXProject section */

/* Begin PBXResourcesBuildPhase section */
		448F87331F633AEE00883744 /* Resources */ = {
			isa = PBXResourcesBuildPhase;
			buildActionMask = 2147483647;
			files = (
				448F87431F633AEE00883744 /* LaunchScreen.storyboard in Resources */,
				448F87401F633AEE00883744 /* Assets.xcassets in Resources */,
				448F873E1F633AEE00883744 /* Main.storyboard in Resources */,
			);
			runOnlyForDeploymentPostprocessing = 0;
		};
/* End PBXResourcesBuildPhase section */

/* Begin PBXSourcesBuildPhase section */
		448F87311F633AEE00883744 /* Sources */ = {
			isa = PBXSourcesBuildPhase;
			buildActionMask = 2147483647;
			files = (
				448F873B1F633AEE00883744 /* ViewController.swift in Sources */,
				448F87391F633AEE00883744 /* AppDelegate.swift in Sources */,
			);
			runOnlyForDeploymentPostprocessing = 0;
		};
/* End PBXSourcesBuildPhase section */

/* Begin PBXVariantGroup section */
		448F873C1F633AEE00883744 /* Main.storyboard */ = {
			isa = PBXVariantGroup;
			children = (
				448F873D1F633AEE00883744 /* Base */,
			);
			name = Main.storyboard;
			sourceTree = "<group>";
		};
		448F87411F633AEE00883744 /* LaunchScreen.storyboard */ = {
			isa = PBXVariantGroup;
			children = (
				448F87421F633AEE00883744 /* Base */,
			);
			name = LaunchScreen.storyboard;
			sourceTree = "<group>";
		};
/* End PBXVariantGroup section */

/* Begin XCBuildConfiguration section */
		448F87451F633AEE00883744 /* Debug */ = {
			isa = XCBuildConfiguration;
			buildSettings = {
				ALWAYS_SEARCH_USER_PATHS = NO;
				CLANG_ANALYZER_NONNULL = YES;
				CLANG_ANALYZER_NUMBER_OBJECT_CONVERSION = YES_AGGRESSIVE;
				CLANG_CXX_LANGUAGE_STANDARD = "gnu++0x";
				CLANG_CXX_LIBRARY = "libc++";
				CLANG_ENABLE_MODULES = YES;
				CLANG_ENABLE_OBJC_ARC = YES;
				CLANG_WARN_BOOL_CONVERSION = YES;
				CLANG_WARN_CONSTANT_CONVERSION = YES;
				CLANG_WARN_DIRECT_OBJC_ISA_USAGE = YES_ERROR;
				CLANG_WARN_DOCUMENTATION_COMMENTS = YES;
				CLANG_WARN_EMPTY_BODY = YES;
				CLANG_WARN_ENUM_CONVERSION = YES;
				CLANG_WARN_INFINITE_RECURSION = YES;
				CLANG_WARN_INT_CONVERSION = YES;
				CLANG_WARN_OBJC_ROOT_CLASS = YES_ERROR;
				CLANG_WARN_SUSPICIOUS_MOVE = YES;
				CLANG_WARN_UNREACHABLE_CODE = YES;
				CLANG_WARN__DUPLICATE_METHOD_MATCH = YES;
				"CODE_SIGN_IDENTITY[sdk=iphoneos*]" = "iPhone Developer";
				COPY_PHASE_STRIP = NO;
				DEBUG_INFORMATION_FORMAT = dwarf;
				ENABLE_STRICT_OBJC_MSGSEND = YES;
				ENABLE_TESTABILITY = YES;
				GCC_C_LANGUAGE_STANDARD = gnu99;
				GCC_DYNAMIC_NO_PIC = NO;
				GCC_NO_COMMON_BLOCKS = YES;
				GCC_OPTIMIZATION_LEVEL = 0;
				GCC_PREPROCESSOR_DEFINITIONS = (
					"DEBUG=1",
					"$(inherited)",
				);
				GCC_WARN_64_TO_32_BIT_CONVERSION = YES;
				GCC_WARN_ABOUT_RETURN_TYPE = YES_ERROR;
				GCC_WARN_UNDECLARED_SELECTOR = YES;
				GCC_WARN_UNINITIALIZED_AUTOS = YES_AGGRESSIVE;
				GCC_WARN_UNUSED_FUNCTION = YES;
				GCC_WARN_UNUSED_VARIABLE = YES;
				IPHONEOS_DEPLOYMENT_TARGET = 10.3;
				MTL_ENABLE_DEBUG_INFO = YES;
				ONLY_ACTIVE_ARCH = YES;
				SDKROOT = iphoneos;
				SWIFT_ACTIVE_COMPILATION_CONDITIONS = DEBUG;
				SWIFT_OPTIMIZATION_LEVEL = "-Onone";
				TARGETED_DEVICE_FAMILY = "1,2";
			};
			name = Debug;
		};
		448F87461F633AEE00883744 /* Release */ = {
			isa = XCBuildConfiguration;
			buildSettings = {
				ALWAYS_SEARCH_USER_PATHS = NO;
				CLANG_ANALYZER_NONNULL = YES;
				CLANG_ANALYZER_NUMBER_OBJECT_CONVERSION = YES_AGGRESSIVE;
				CLANG_CXX_LANGUAGE_STANDARD = "gnu++0x";
				CLANG_CXX_LIBRARY = "libc++";
				CLANG_ENABLE_MODULES = YES;
				CLANG_ENABLE_OBJC_ARC = YES;
				CLANG_WARN_BOOL_CONVERSION = YES;
				CLANG_WARN_CONSTANT_CONVERSION = YES;
				CLANG_WARN_DIRECT_OBJC_ISA_USAGE = YES_ERROR;
				CLANG_WARN_DOCUMENTATION_COMMENTS = YES;
				CLANG_WARN_EMPTY_BODY = YES;
				CLANG_WARN_ENUM_CONVERSION = YES;
				CLANG_WARN_INFINITE_RECURSION = YES;
				CLANG_WARN_INT_CONVERSION = YES;
				CLANG_WARN_OBJC_ROOT_CLASS = YES_ERROR;
				CLANG_WARN_SUSPICIOUS_MOVE = YES;
				CLANG_WARN_UNREACHABLE_CODE = YES;
				CLANG_WARN__DUPLICATE_METHOD_MATCH = YES;
				"CODE_SIGN_IDENTITY[sdk=iphoneos*]" = "iPhone Developer";
				COPY_PHASE_STRIP = NO;
				DEBUG_INFORMATION_FORMAT = "dwarf-with-dsym";
				ENABLE_NS_ASSERTIONS = NO;
				ENABLE_STRICT_OBJC_MSGSEND = YES;
				GCC_C_LANGUAGE_STANDARD = gnu99;
				GCC_NO_COMMON_BLOCKS = YES;
				GCC_WARN_64_TO_32_BIT_CONVERSION = YES;
				GCC_WARN_ABOUT_RETURN_TYPE = YES_ERROR;
				GCC_WARN_UNDECLARED_SELECTOR = YES;
				GCC_WARN_UNINITIALIZED_AUTOS = YES_AGGRESSIVE;
				GCC_WARN_UNUSED_FUNCTION = YES;
				GCC_WARN_UNUSED_VARIABLE = YES;
				IPHONEOS_DEPLOYMENT_TARGET = 10.3;
				MTL_ENABLE_DEBUG_INFO = NO;
				SDKROOT = iphoneos;
				SWIFT_OPTIMIZATION_LEVEL = "-Owholemodule";
				TARGETED_DEVICE_FAMILY = "1,2";
				VALIDATE_PRODUCT = YES;
			};
			name = Release;
		};
		448F87481F633AEE00883744 /* Debug */ = {
			isa = XCBuildConfiguration;
			buildSettings = {
				ASSETCATALOG_COMPILER_APPICON_NAME = AppIcon;
				DEVELOPMENT_TEAM = 4S58772B2E;
				INFOPLIST_FILE = GymMate/Info.plist;
				LD_RUNPATH_SEARCH_PATHS = "$(inherited) @executable_path/Frameworks";
				PRODUCT_BUNDLE_IDENTIFIER = com.projects.GymMate;
				PRODUCT_NAME = "$(TARGET_NAME)";
				SWIFT_VERSION = 3.0;
			};
			name = Debug;
		};
		448F87491F633AEE00883744 /* Release */ = {
			isa = XCBuildConfiguration;
			buildSettings = {
				ASSETCATALOG_COMPILER_APPICON_NAME = AppIcon;
				DEVELOPMENT_TEAM = 4S58772B2E;
				INFOPLIST_FILE = GymMate/Info.plist;
				LD_RUNPATH_SEARCH_PATHS = "$(inherited) @executable_path/Frameworks";
				PRODUCT_BUNDLE_IDENTIFIER = com.projects.GymMate;
				PRODUCT_NAME = "$(TARGET_NAME)";
				SWIFT_VERSION = 3.0;
			};
			name = Release;
		};
/* End XCBuildConfiguration section */

/* Begin XCConfigurationList section */
		448F87301F633AEE00883744 /* Build configuration list for PBXProject "GymMate" */ = {
			isa = XCConfigurationList;
			buildConfigurations = (
				448F87451F633AEE00883744 /* Debug */,
				448F87461F633AEE00883744 /* Release */,
			);
			defaultConfigurationIsVisible = 0;
			defaultConfigurationName = Release;
		};
		448F87471F633AEE00883744 /* Build configuration list for PBXNativeTarget "GymMate" */ = {
			isa = XCConfigurationList;
			buildConfigurations = (
				448F87481F633AEE00883744 /* Debug */,
				448F87491F633AEE00883744 /* Release */,
			);
			defaultConfigurationIsVisible = 0;
		};
/* End XCConfigurationList section */
	};
	rootObject = 448F872D1F633AEE00883744 /* Project object */;
}
